schema: '2.0'
stages:
  preprocess:
    cmd: python model-training/restaurant_sentiment/preprocess.py
    deps:
    - path: data/RestaurantReviews_HistoricDump.tsv
      hash: md5
      md5: 102f1f4193e0bdebdd6cce7f13e0a839
      size: 54686
    - path: model-training/restaurant_sentiment/preprocess.py
      hash: md5
      md5: b993d9a767af06b0cbec5b4dfc30f6d6
      size: 2119
    outs:
    - path: data/corpus.pkl
      hash: md5
      md5: 243212bb05cce5e3fdc72bfd2826d329
      size: 31612
    - path: data/labels.pkl
      hash: md5
      md5: 0f5b51deb26f4cee8b09e043297595a4
      size: 7425
  train:
    cmd: python model-training/restaurant_sentiment/train.py
    deps:
    - path: data/corpus.pkl
      hash: md5
      md5: 243212bb05cce5e3fdc72bfd2826d329
      size: 31612
    - path: data/labels.pkl
      hash: md5
      md5: 0f5b51deb26f4cee8b09e043297595a4
      size: 7425
    - path: model-training/restaurant_sentiment/train.py
      hash: md5
      md5: 1d00e4e4b3680b9fdfdfa5e8ec83aa44
      size: 3672
    outs:
    - path: data/X_test.pkl
      hash: md5
      md5: ce3aca7e4a2e7be870c99dd913f42cd6
      size: 2056401
    - path: data/X_train.pkl
      hash: md5
      md5: 50fb3b3827ebef86b96dfead4a5b65a1
      size: 8213521
    - path: data/y_test.pkl
      hash: md5
      md5: ccb4faa62eb5d61420109c2a30429417
      size: 1673
    - path: data/y_train.pkl
      hash: md5
      md5: cc08030850b294e30ff507a881872051
      size: 6009
    - path: model/bow.pkl
      hash: md5
      md5: 5ccc5235616fb00f006b91057f8d07ef
      size: 39415
    - path: model/model.pkl
      hash: md5
      md5: 50deff1f2463f1a50f303feb1f4e0773
      size: 7375883
  evaluate:
    cmd: python model-training/restaurant_sentiment/eval.py
    deps:
    - path: data/X_test.pkl
      hash: md5
      md5: ce3aca7e4a2e7be870c99dd913f42cd6
      size: 2056401
    - path: data/y_test.pkl
      hash: md5
      md5: ccb4faa62eb5d61420109c2a30429417
      size: 1673
    - path: model-training/restaurant_sentiment/eval.py
      hash: md5
      md5: 26bfb4da12f521a7e47407ddac2b565e
      size: 1875
    - path: model/model.pkl
      hash: md5
      md5: 50deff1f2463f1a50f303feb1f4e0773
      size: 7375883
    outs:
    - path: model/metrics.json
      hash: md5
      md5: b723485f882d41d43e45eb677286bed7
      size: 370
