schema: '2.0'
stages:
  preprocess:
    cmd: python model-training/restaurant_sentiment/preprocess.py
    deps:
    - path: data/RestaurantReviews_HistoricDump.tsv
      hash: md5
      md5: 102f1f4193e0bdebdd6cce7f13e0a839
      size: 54686
    - path: model-training/restaurant_sentiment/preprocess.py
      hash: md5
      md5: ce04514db97be55ff357f5af7cb300c1
      size: 2193
    outs:
    - path: data/corpus.pkl
      hash: md5
      md5: 243212bb05cce5e3fdc72bfd2826d329
      size: 31612
    - path: data/labels.pkl
      hash: md5
      md5: 0f5b51deb26f4cee8b09e043297595a4
      size: 7425
  train:
    cmd: python model-training/restaurant_sentiment/train.py
    deps:
    - path: data/corpus.pkl
      hash: md5
      md5: 243212bb05cce5e3fdc72bfd2826d329
      size: 31612
    - path: data/labels.pkl
      hash: md5
      md5: 0f5b51deb26f4cee8b09e043297595a4
      size: 7425
    - path: model-training/restaurant_sentiment/train.py
      hash: md5
      md5: 3f9fb40fcb665b3f789552e667570851
      size: 3790
    outs:
    - path: data/X_test.pkl
      hash: md5
      md5: 6cb500da31cb15a3cd315bfc5ac9d834
      size: 2045041
    - path: data/X_train.pkl
      hash: md5
      md5: 9f022364885be5b6071e274b3a441dc5
      size: 8179441
    - path: data/y_test.pkl
      hash: md5
      md5: 2206173e02946f0a2594ab9f80fd8f50
      size: 1665
    - path: data/y_train.pkl
      hash: md5
      md5: 06bd601c1b0d30379a423b5c9bd03bf1
      size: 5985
    - path: model/bow.pkl
      hash: md5
      md5: 9cfeda5bd3a80fc001abafa70c29119e
      size: 39435
    - path: model/model.pkl
      hash: md5
      md5: 8c959a91f965dc74f65d0bba579256bb
      size: 7398667
  evaluate:
    cmd: python model-training/restaurant_sentiment/eval.py
    deps:
    - path: data/X_test.pkl
      hash: md5
      md5: 6cb500da31cb15a3cd315bfc5ac9d834
      size: 2045041
    - path: data/y_test.pkl
      hash: md5
      md5: 2206173e02946f0a2594ab9f80fd8f50
      size: 1665
    - path: model-training/restaurant_sentiment/eval.py
      hash: md5
      md5: 303a74677003ab6982c71c2dca22a7b7
      size: 1936
    - path: model/model.pkl
      hash: md5
      md5: 8c959a91f965dc74f65d0bba579256bb
      size: 7398667
    outs:
    - path: model/metrics.json
      hash: md5
      md5: 0ab13cbf659f935aab0a9a639f8f475c
      size: 358
